
Microsoft Visual Studio Solution File, Format Version 12.00
# Visual Studio Version 17
VisualStudioVersion = 17.14.36518.9
MinimumVisualStudioVersion = 10.0.40219.1
Project("{FAE04EC0-301F-11D3-BF4B-00C04F79EFBC}") = "Infrastructure", "Infrastructure\Infrastructure.csproj", "{1984CEF6-4040-4ADD-8B9B-10C61330EBE4}"
EndProject
Project("{FAE04EC0-301F-11D3-BF4B-00C04F79EFBC}") = "Presentation.ConsoleApp", "Presentation.ConsoleApp\Presentation.ConsoleApp.csproj", "{A9CDE7CE-F873-4127-AB60-860AA7CF3026}"
EndProject
Project("{FAE04EC0-301F-11D3-BF4B-00C04F79EFBC}") = "Infrastructure.Tests", "Infrastructure.Tests\Infrastructure.Tests.csproj", "{8A84A83D-B784-4646-AF62-1045B8F59B9C}"
EndProject
Project("{FAE04EC0-301F-11D3-BF4B-00C04F79EFBC}") = "Presentation.WpfApp", "Presentation.WpfApp\Presentation.WpfApp.csproj", "{937A7A5A-2D67-431B-B00D-F769893229FF}"
EndProject
Global
	GlobalSection(SolutionConfigurationPlatforms) = preSolution
		Debug|Any CPU = Debug|Any CPU
		Release|Any CPU = Release|Any CPU
	EndGlobalSection
	GlobalSection(ProjectConfigurationPlatforms) = postSolution
		{1984CEF6-4040-4ADD-8B9B-10C61330EBE4}.Debug|Any CPU.ActiveCfg = Debug|Any CPU
		{1984CEF6-4040-4ADD-8B9B-10C61330EBE4}.Debug|Any CPU.Build.0 = Debug|Any CPU
		{1984CEF6-4040-4ADD-8B9B-10C61330EBE4}.Release|Any CPU.ActiveCfg = Release|Any CPU
		{1984CEF6-4040-4ADD-8B9B-10C61330EBE4}.Release|Any CPU.Build.0 = Release|Any CPU
		{A9CDE7CE-F873-4127-AB60-860AA7CF3026}.Debug|Any CPU.ActiveCfg = Debug|Any CPU
		{A9CDE7CE-F873-4127-AB60-860AA7CF3026}.Debug|Any CPU.Build.0 = Debug|Any CPU
		{A9CDE7CE-F873-4127-AB60-860AA7CF3026}.Release|Any CPU.ActiveCfg = Release|Any CPU
		{A9CDE7CE-F873-4127-AB60-860AA7CF3026}.Release|Any CPU.Build.0 = Release|Any CPU
		{8A84A83D-B784-4646-AF62-1045B8F59B9C}.Debug|Any CPU.ActiveCfg = Debug|Any CPU
		{8A84A83D-B784-4646-AF62-1045B8F59B9C}.Debug|Any CPU.Build.0 = Debug|Any CPU
		{8A84A83D-B784-4646-AF62-1045B8F59B9C}.Release|Any CPU.ActiveCfg = Release|Any CPU
		{8A84A83D-B784-4646-AF62-1045B8F59B9C}.Release|Any CPU.Build.0 = Release|Any CPU
		{937A7A5A-2D67-431B-B00D-F769893229FF}.Debug|Any CPU.ActiveCfg = Debug|Any CPU
		{937A7A5A-2D67-431B-B00D-F769893229FF}.Debug|Any CPU.Build.0 = Debug|Any CPU
		{937A7A5A-2D67-431B-B00D-F769893229FF}.Release|Any CPU.ActiveCfg = Release|Any CPU
		{937A7A5A-2D67-431B-B00D-F769893229FF}.Release|Any CPU.Build.0 = Release|Any CPU
	EndGlobalSection
	GlobalSection(SolutionProperties) = preSolution
		HideSolutionNode = FALSE
	EndGlobalSection
	GlobalSection(ExtensibilityGlobals) = postSolution
		SolutionGuid = {166720E4-1811-4E00-A6A3-015584A9D162}
	EndGlobalSection
EndGlobal
